# THIS IS AN AUTOGENERATED FILE. DO NOT EDIT THIS FILE DIRECTLY.
# yarn lockfile v1


ansi-regex@^0.2.0, ansi-regex@^0.2.1:
  version "0.2.1"
  resolved "https://registry.yarnpkg.com/ansi-regex/-/ansi-regex-0.2.1.tgz#0d8e946967a3d8143f93e24e298525fc1b2235f9"

ansi-styles@^1.1.0:
  version "1.1.0"
  resolved "https://registry.yarnpkg.com/ansi-styles/-/ansi-styles-1.1.0.tgz#eaecbf66cd706882760b2f4691582b8f55d7a7de"

array-union@^1.0.1:
  version "1.0.2"
  resolved "https://registry.yarnpkg.com/array-union/-/array-union-1.0.2.tgz#9a34410e4f4e3da23dea375be5be70f24778ec39"
  dependencies:
    array-uniq "^1.0.1"

array-uniq@^1.0.1:
  version "1.0.3"
  resolved "https://registry.yarnpkg.com/array-uniq/-/array-uniq-1.0.3.tgz#af6ac877a25cc7f74e058894753858dfdb24fdb6"

asap@~2.0.3:
  version "2.0.5"
  resolved "https://registry.yarnpkg.com/asap/-/asap-2.0.5.tgz#522765b50c3510490e52d7dcfe085ef9ba96958f"

async@2.1.4:
  version "2.1.4"
  resolved "https://registry.yarnpkg.com/async/-/async-2.1.4.tgz#2d2160c7788032e4dd6cbe2502f1f9a2c8f6cde4"
  dependencies:
    lodash "^4.14.0"

async@^1.5.2:
  version "1.5.2"
  resolved "https://registry.yarnpkg.com/async/-/async-1.5.2.tgz#ec6a61ae56480c0c3cb241c95618e20892f9672a"

babel-helper-builder-react-jsx@^6.24.1:
  version "6.24.1"
  resolved "https://registry.yarnpkg.com/babel-helper-builder-react-jsx/-/babel-helper-builder-react-jsx-6.24.1.tgz#0ad7917e33c8d751e646daca4e77cc19377d2cbc"
  dependencies:
    babel-runtime "^6.22.0"
    babel-types "^6.24.1"
    esutils "^2.0.0"

babel-helper-evaluate-path@^0.1.0:
  version "0.1.0"
  resolved "https://registry.yarnpkg.com/babel-helper-evaluate-path/-/babel-helper-evaluate-path-0.1.0.tgz#95d98c4ea36150483db2e7d3ec9e1954a72629cb"

babel-helper-flip-expressions@^0.1.2:
  version "0.1.2"
  resolved "https://registry.yarnpkg.com/babel-helper-flip-expressions/-/babel-helper-flip-expressions-0.1.2.tgz#77f6652f9de9c42401d827bd46ebd2109e3ef18a"

babel-helper-is-nodes-equiv@^0.0.1:
  version "0.0.1"
  resolved "https://registry.yarnpkg.com/babel-helper-is-nodes-equiv/-/babel-helper-is-nodes-equiv-0.0.1.tgz#34e9b300b1479ddd98ec77ea0bbe9342dfe39684"

babel-helper-is-void-0@^0.1.1:
  version "0.1.1"
  resolved "https://registry.yarnpkg.com/babel-helper-is-void-0/-/babel-helper-is-void-0-0.1.1.tgz#72f21a3abba0bef3837f9174fca731aed9a02888"

babel-helper-mark-eval-scopes@^0.1.1:
  version "0.1.1"
  resolved "https://registry.yarnpkg.com/babel-helper-mark-eval-scopes/-/babel-helper-mark-eval-scopes-0.1.1.tgz#4554345edf9f2549427bd2098e530253f8af2992"

babel-helper-remove-or-void@^0.1.1:
  version "0.1.1"
  resolved "https://registry.yarnpkg.com/babel-helper-remove-or-void/-/babel-helper-remove-or-void-0.1.1.tgz#9d7e1856dc6fafcb41b283a416730dc1844f66d7"

babel-helper-to-multiple-sequence-expressions@^0.1.1:
  version "0.1.1"
  resolved "https://registry.yarnpkg.com/babel-helper-to-multiple-sequence-expressions/-/babel-helper-to-multiple-sequence-expressions-0.1.1.tgz#5f1b832b39e4acf954e9137f0251395c71196b35"

babel-plugin-external-helpers@^6.22.0:
  version "6.22.0"
  resolved "https://registry.yarnpkg.com/babel-plugin-external-helpers/-/babel-plugin-external-helpers-6.22.0.tgz#2285f48b02bd5dede85175caf8c62e86adccefa1"
  dependencies:
    babel-runtime "^6.22.0"

babel-plugin-minify-builtins@^0.1.3:
  version "0.1.3"
  resolved "https://registry.yarnpkg.com/babel-plugin-minify-builtins/-/babel-plugin-minify-builtins-0.1.3.tgz#4f21a7dcb51f91a04ea71d47ff0e8e3b05fec021"
  dependencies:
    babel-helper-evaluate-path "^0.1.0"

babel-plugin-minify-constant-folding@^0.1.3:
  version "0.1.3"
  resolved "https://registry.yarnpkg.com/babel-plugin-minify-constant-folding/-/babel-plugin-minify-constant-folding-0.1.3.tgz#57bd172adf8b8d74ad7c99612eb950414ebea3ca"
  dependencies:
    babel-helper-evaluate-path "^0.1.0"

babel-plugin-minify-dead-code-elimination@^0.1.7:
  version "0.1.7"
  resolved "https://registry.yarnpkg.com/babel-plugin-minify-dead-code-elimination/-/babel-plugin-minify-dead-code-elimination-0.1.7.tgz#774f536f347b98393a27baa717872968813c342c"
  dependencies:
    babel-helper-mark-eval-scopes "^0.1.1"
    babel-helper-remove-or-void "^0.1.1"
    lodash.some "^4.6.0"

babel-plugin-minify-flip-comparisons@^0.1.2:
  version "0.1.2"
  resolved "https://registry.yarnpkg.com/babel-plugin-minify-flip-comparisons/-/babel-plugin-minify-flip-comparisons-0.1.2.tgz#e286b40b7599b18dfea195071e4279465cfc1884"
  dependencies:
    babel-helper-is-void-0 "^0.1.1"

babel-plugin-minify-guarded-expressions@^0.1.2:
  version "0.1.2"
  resolved "https://registry.yarnpkg.com/babel-plugin-minify-guarded-expressions/-/babel-plugin-minify-guarded-expressions-0.1.2.tgz#dfc3d473b0362d9605d3ce0ac1e22328c60d1007"
  dependencies:
    babel-helper-flip-expressions "^0.1.2"

babel-plugin-minify-infinity@^0.1.2:
  version "0.1.2"
  resolved "https://registry.yarnpkg.com/babel-plugin-minify-infinity/-/babel-plugin-minify-infinity-0.1.2.tgz#5f1cf67ddedcba13c8a00da832542df0091a1cd4"

babel-plugin-minify-mangle-names@^0.1.3:
  version "0.1.3"
  resolved "https://registry.yarnpkg.com/babel-plugin-minify-mangle-names/-/babel-plugin-minify-mangle-names-0.1.3.tgz#bfa24661a6794fb03833587e55828b65449e06fe"
  dependencies:
    babel-helper-mark-eval-scopes "^0.1.1"

babel-plugin-minify-numeric-literals@^0.1.1:
  version "0.1.1"
  resolved "https://registry.yarnpkg.com/babel-plugin-minify-numeric-literals/-/babel-plugin-minify-numeric-literals-0.1.1.tgz#d4b8b0c925f874714ee33ee4b26678583d7ce7fb"

babel-plugin-minify-replace@^0.1.2:
  version "0.1.2"
  resolved "https://registry.yarnpkg.com/babel-plugin-minify-replace/-/babel-plugin-minify-replace-0.1.2.tgz#b90b9e71ab4d3b36325629a91beabe13b0b16ac1"

babel-plugin-minify-simplify@^0.1.2:
  version "0.1.2"
  resolved "https://registry.yarnpkg.com/babel-plugin-minify-simplify/-/babel-plugin-minify-simplify-0.1.2.tgz#a968f1658fdeb2fc759e81fe331d89829df0f6b9"
  dependencies:
    babel-helper-flip-expressions "^0.1.2"
    babel-helper-is-nodes-equiv "^0.0.1"
    babel-helper-to-multiple-sequence-expressions "^0.1.1"

babel-plugin-minify-type-constructors@^0.1.2:
  version "0.1.2"
  resolved "https://registry.yarnpkg.com/babel-plugin-minify-type-constructors/-/babel-plugin-minify-type-constructors-0.1.2.tgz#db53c5b76cb8e2fcd45d862f17104c78761337ee"
  dependencies:
    babel-helper-is-void-0 "^0.1.1"

babel-plugin-syntax-flow@^6.18.0:
  version "6.18.0"
  resolved "https://registry.yarnpkg.com/babel-plugin-syntax-flow/-/babel-plugin-syntax-flow-6.18.0.tgz#4c3ab20a2af26aa20cd25995c398c4eb70310c8d"

babel-plugin-syntax-jsx@^6.3.13, babel-plugin-syntax-jsx@^6.8.0:
  version "6.18.0"
  resolved "https://registry.yarnpkg.com/babel-plugin-syntax-jsx/-/babel-plugin-syntax-jsx-6.18.0.tgz#0af32a9a6e13ca7a3fd5069e62d7b0f58d0d8946"

babel-plugin-transform-flow-strip-types@^6.22.0:
  version "6.22.0"
  resolved "https://registry.yarnpkg.com/babel-plugin-transform-flow-strip-types/-/babel-plugin-transform-flow-strip-types-6.22.0.tgz#84cb672935d43714fdc32bce84568d87441cf7cf"
  dependencies:
    babel-plugin-syntax-flow "^6.18.0"
    babel-runtime "^6.22.0"

babel-plugin-transform-inline-consecutive-adds@^0.1.2:
  version "0.1.2"
  resolved "https://registry.yarnpkg.com/babel-plugin-transform-inline-consecutive-adds/-/babel-plugin-transform-inline-consecutive-adds-0.1.2.tgz#5442e9f1c19c78a7899f8a4dee6fd481f61001f5"

babel-plugin-transform-member-expression-literals@^6.8.4:
  version "6.8.4"
  resolved "https://registry.yarnpkg.com/babel-plugin-transform-member-expression-literals/-/babel-plugin-transform-member-expression-literals-6.8.4.tgz#05679bc40596b91293401959aa1620ab1b2be437"

babel-plugin-transform-merge-sibling-variables@^6.8.5:
  version "6.8.5"
  resolved "https://registry.yarnpkg.com/babel-plugin-transform-merge-sibling-variables/-/babel-plugin-transform-merge-sibling-variables-6.8.5.tgz#03abdf107c61241913eb268ddede6d5bc541862c"

babel-plugin-transform-minify-booleans@^6.8.2:
  version "6.8.2"
  resolved "https://registry.yarnpkg.com/babel-plugin-transform-minify-booleans/-/babel-plugin-transform-minify-booleans-6.8.2.tgz#8451579f706e702c1e1ab2756de5c8ea369cf07c"

babel-plugin-transform-property-literals@^6.8.4:
  version "6.8.4"
  resolved "https://registry.yarnpkg.com/babel-plugin-transform-property-literals/-/babel-plugin-transform-property-literals-6.8.4.tgz#6ad311110b80a192a56efb5ddf4fe3ca6f7a61da"
  dependencies:
    esutils "^2.0.2"

babel-plugin-transform-react-display-name@^6.23.0:
  version "6.25.0"
  resolved "https://registry.yarnpkg.com/babel-plugin-transform-react-display-name/-/babel-plugin-transform-react-display-name-6.25.0.tgz#67e2bf1f1e9c93ab08db96792e05392bf2cc28d1"
  dependencies:
    babel-runtime "^6.22.0"

babel-plugin-transform-react-jsx-self@^6.22.0:
  version "6.22.0"
  resolved "https://registry.yarnpkg.com/babel-plugin-transform-react-jsx-self/-/babel-plugin-transform-react-jsx-self-6.22.0.tgz#df6d80a9da2612a121e6ddd7558bcbecf06e636e"
  dependencies:
    babel-plugin-syntax-jsx "^6.8.0"
    babel-runtime "^6.22.0"

babel-plugin-transform-react-jsx-source@^6.22.0:
  version "6.22.0"
  resolved "https://registry.yarnpkg.com/babel-plugin-transform-react-jsx-source/-/babel-plugin-transform-react-jsx-source-6.22.0.tgz#66ac12153f5cd2d17b3c19268f4bf0197f44ecd6"
  dependencies:
    babel-plugin-syntax-jsx "^6.8.0"
    babel-runtime "^6.22.0"

babel-plugin-transform-react-jsx@^6.24.1:
  version "6.24.1"
  resolved "https://registry.yarnpkg.com/babel-plugin-transform-react-jsx/-/babel-plugin-transform-react-jsx-6.24.1.tgz#840a028e7df460dfc3a2d29f0c0d91f6376e66a3"
  dependencies:
    babel-helper-builder-react-jsx "^6.24.1"
    babel-plugin-syntax-jsx "^6.8.0"
    babel-runtime "^6.22.0"

babel-plugin-transform-regexp-constructors@^0.1.1:
  version "0.1.1"
  resolved "https://registry.yarnpkg.com/babel-plugin-transform-regexp-constructors/-/babel-plugin-transform-regexp-constructors-0.1.1.tgz#312ab7487cc88a1c62ee25ea1b6087e89b87799c"

babel-plugin-transform-remove-console@^6.8.4:
  version "6.8.4"
  resolved "https://registry.yarnpkg.com/babel-plugin-transform-remove-console/-/babel-plugin-transform-remove-console-6.8.4.tgz#41fddac19a729a4c3dd7ef2964eac07b096f9a8f"

babel-plugin-transform-remove-debugger@^6.8.4:
  version "6.8.4"
  resolved "https://registry.yarnpkg.com/babel-plugin-transform-remove-debugger/-/babel-plugin-transform-remove-debugger-6.8.4.tgz#f85704a08adaa71b55d77005b5b94e9b9df21f6e"

babel-plugin-transform-remove-undefined@^0.1.2:
  version "0.1.2"
  resolved "https://registry.yarnpkg.com/babel-plugin-transform-remove-undefined/-/babel-plugin-transform-remove-undefined-0.1.2.tgz#e1ebf51110f6b1e0665f28382ef73f95e5023652"

babel-plugin-transform-simplify-comparison-operators@^6.8.4:
  version "6.8.4"
  resolved "https://registry.yarnpkg.com/babel-plugin-transform-simplify-comparison-operators/-/babel-plugin-transform-simplify-comparison-operators-6.8.4.tgz#2aa24a262d664c8cb3e125a306c798d7a2de08d5"

babel-plugin-transform-undefined-to-void@^6.8.2:
  version "6.8.2"
  resolved "https://registry.yarnpkg.com/babel-plugin-transform-undefined-to-void/-/babel-plugin-transform-undefined-to-void-6.8.2.tgz#fe2b1d294eb05e87524eb93724dea6e2c3d66fa1"

babel-preset-babili@^0.1.4:
  version "0.1.4"
  resolved "https://registry.yarnpkg.com/babel-preset-babili/-/babel-preset-babili-0.1.4.tgz#ad9d6651002f5bc3f07cab300781167f54724bf2"
  dependencies:
    babel-plugin-minify-builtins "^0.1.3"
    babel-plugin-minify-constant-folding "^0.1.3"
    babel-plugin-minify-dead-code-elimination "^0.1.7"
    babel-plugin-minify-flip-comparisons "^0.1.2"
    babel-plugin-minify-guarded-expressions "^0.1.2"
    babel-plugin-minify-infinity "^0.1.2"
    babel-plugin-minify-mangle-names "^0.1.3"
    babel-plugin-minify-numeric-literals "^0.1.1"
    babel-plugin-minify-replace "^0.1.2"
    babel-plugin-minify-simplify "^0.1.2"
    babel-plugin-minify-type-constructors "^0.1.2"
    babel-plugin-transform-inline-consecutive-adds "^0.1.2"
    babel-plugin-transform-member-expression-literals "^6.8.4"
    babel-plugin-transform-merge-sibling-variables "^6.8.5"
    babel-plugin-transform-minify-booleans "^6.8.2"
    babel-plugin-transform-property-literals "^6.8.4"
    babel-plugin-transform-regexp-constructors "^0.1.1"
    babel-plugin-transform-remove-console "^6.8.4"
    babel-plugin-transform-remove-debugger "^6.8.4"
    babel-plugin-transform-remove-undefined "^0.1.2"
    babel-plugin-transform-simplify-comparison-operators "^6.8.4"
    babel-plugin-transform-undefined-to-void "^6.8.2"
    lodash.isplainobject "^4.0.6"

babel-preset-flow@^6.23.0:
  version "6.23.0"
  resolved "https://registry.yarnpkg.com/babel-preset-flow/-/babel-preset-flow-6.23.0.tgz#e71218887085ae9a24b5be4169affb599816c49d"
  dependencies:
    babel-plugin-transform-flow-strip-types "^6.22.0"

babel-preset-react@^6.24.1:
  version "6.24.1"
  resolved "https://registry.yarnpkg.com/babel-preset-react/-/babel-preset-react-6.24.1.tgz#ba69dfaea45fc3ec639b6a4ecea6e17702c91380"
  dependencies:
    babel-plugin-syntax-jsx "^6.3.13"
    babel-plugin-transform-react-display-name "^6.23.0"
    babel-plugin-transform-react-jsx "^6.24.1"
    babel-plugin-transform-react-jsx-self "^6.22.0"
    babel-plugin-transform-react-jsx-source "^6.22.0"
    babel-preset-flow "^6.23.0"

babel-runtime@^6.22.0:
  version "6.23.0"
  resolved "https://registry.yarnpkg.com/babel-runtime/-/babel-runtime-6.23.0.tgz#0a9489f144de70efb3ce4300accdb329e2fc543b"
  dependencies:
    core-js "^2.4.0"
    regenerator-runtime "^0.10.0"

babel-types@^6.24.1:
  version "6.25.0"
  resolved "https://registry.yarnpkg.com/babel-types/-/babel-types-6.25.0.tgz#70afb248d5660e5d18f811d91c8303b54134a18e"
  dependencies:
    babel-runtime "^6.22.0"
    esutils "^2.0.2"
    lodash "^4.2.0"
    to-fast-properties "^1.0.1"

babylon@^6.17.4:
  version "6.17.4"
  resolved "https://registry.yarnpkg.com/babylon/-/babylon-6.17.4.tgz#3e8b7402b88d22c3423e137a1577883b15ff869a"

balanced-match@^1.0.0:
  version "1.0.0"
  resolved "https://registry.yarnpkg.com/balanced-match/-/balanced-match-1.0.0.tgz#89b4d199ab2bee49de164ea02b89ce462d71b767"

base64url@^2.0.0:
  version "2.0.0"
  resolved "https://registry.yarnpkg.com/base64url/-/base64url-2.0.0.tgz#eac16e03ea1438eff9423d69baa36262ed1f70bb"

brace-expansion@^1.1.7:
  version "1.1.8"
  resolved "https://registry.yarnpkg.com/brace-expansion/-/brace-expansion-1.1.8.tgz#c07b211c7c952ec1f8efd51a77ef0d1d3990a292"
  dependencies:
    balanced-match "^1.0.0"
    concat-map "0.0.1"

chalk@0.5.1:
  version "0.5.1"
  resolved "https://registry.yarnpkg.com/chalk/-/chalk-0.5.1.tgz#663b3a648b68b55d04690d49167aa837858f2174"
  dependencies:
    ansi-styles "^1.1.0"
    escape-string-regexp "^1.0.0"
    has-ansi "^0.1.0"
    strip-ansi "^0.3.0"
    supports-color "^0.2.0"

colors@1.0.3:
  version "1.0.3"
  resolved "https://registry.yarnpkg.com/colors/-/colors-1.0.3.tgz#0433f44d809680fdeb60ed260f1b0c262e82a40b"

commander@2.6.0:
  version "2.6.0"
  resolved "https://registry.yarnpkg.com/commander/-/commander-2.6.0.tgz#9df7e52fb2a0cb0fb89058ee80c3104225f37e1d"

commander@2.9.0:
  version "2.9.0"
  resolved "https://registry.yarnpkg.com/commander/-/commander-2.9.0.tgz#9c99094176e12240cb22d6c5146098400fe0f7d4"
  dependencies:
    graceful-readlink ">= 1.0.0"

concat-map@0.0.1:
  version "0.0.1"
  resolved "https://registry.yarnpkg.com/concat-map/-/concat-map-0.0.1.tgz#d8a96bd77fd68df7793a73036a3ba0d5405d477b"

concurrently@^3.5.0:
  version "3.5.0"
  resolved "https://registry.yarnpkg.com/concurrently/-/concurrently-3.5.0.tgz#8cf1b7707a6916a78a4ff5b77bb04dec54b379b2"
  dependencies:
    chalk "0.5.1"
    commander "2.6.0"
    date-fns "^1.23.0"
    lodash "^4.5.1"
    rx "2.3.24"
    spawn-command "^0.0.2-1"
    supports-color "^3.2.3"
    tree-kill "^1.1.0"

core-js@^1.0.0:
  version "1.2.7"
  resolved "https://registry.yarnpkg.com/core-js/-/core-js-1.2.7.tgz#652294c14651db28fa93bd2d5ff2983a4f08c636"

core-js@^2.4.0:
  version "2.4.1"
  resolved "https://registry.yarnpkg.com/core-js/-/core-js-2.4.1.tgz#4de911e667b0eae9124e34254b53aea6fc618d3e"

corser@~2.0.0:
  version "2.0.1"
  resolved "https://registry.yarnpkg.com/corser/-/corser-2.0.1.tgz#8eda252ecaab5840dcd975ceb90d9370c819ff87"

create-react-class@^15.6.0:
  version "15.6.0"
  resolved "https://registry.yarnpkg.com/create-react-class/-/create-react-class-15.6.0.tgz#ab448497c26566e1e29413e883207d57cfe7bed4"
  dependencies:
    fbjs "^0.8.9"
    loose-envify "^1.3.1"
    object-assign "^4.1.1"

date-fns@^1.23.0:
  version "1.28.5"
  resolved "https://registry.yarnpkg.com/date-fns/-/date-fns-1.28.5.tgz#257cfc45d322df45ef5658665967ee841cd73faf"

debug@^2.2.0:
  version "2.6.8"
  resolved "https://registry.yarnpkg.com/debug/-/debug-2.6.8.tgz#e731531ca2ede27d188222427da17821d68ff4fc"
  dependencies:
    ms "2.0.0"

ecstatic@^2.0.0:
  version "2.2.1"
  resolved "https://registry.yarnpkg.com/ecstatic/-/ecstatic-2.2.1.tgz#b5087fad439dd9dd49d31e18131454817fe87769"
  dependencies:
    he "^1.1.1"
    mime "^1.2.11"
    minimist "^1.1.0"
    url-join "^2.0.2"

encoding@^0.1.11:
  version "0.1.12"
  resolved "https://registry.yarnpkg.com/encoding/-/encoding-0.1.12.tgz#538b66f3ee62cd1ab51ec323829d1f9480c74beb"
  dependencies:
    iconv-lite "~0.4.13"

escape-string-regexp@^1.0.0:
  version "1.0.5"
  resolved "https://registry.yarnpkg.com/escape-string-regexp/-/escape-string-regexp-1.0.5.tgz#1b61c0562190a8dff6ae3bb2cf0200ca130b86d4"

esutils@^2.0.0, esutils@^2.0.2:
  version "2.0.2"
  resolved "https://registry.yarnpkg.com/esutils/-/esutils-2.0.2.tgz#0abf4f1caa5bcb1f7a9d8acc6dea4faaa04bac9b"

eventemitter3@1.x.x:
  version "1.2.0"
  resolved "https://registry.yarnpkg.com/eventemitter3/-/eventemitter3-1.2.0.tgz#1c86991d816ad1e504750e73874224ecf3bec508"

fbjs@^0.8.9:
  version "0.8.12"
  resolved "https://registry.yarnpkg.com/fbjs/-/fbjs-0.8.12.tgz#10b5d92f76d45575fd63a217d4ea02bea2f8ed04"
  dependencies:
    core-js "^1.0.0"
    isomorphic-fetch "^2.1.1"
    loose-envify "^1.0.0"
    object-assign "^4.1.0"
    promise "^7.1.1"
    setimmediate "^1.0.5"
    ua-parser-js "^0.7.9"

flow-bin@^0.49.1:
  version "0.49.1"
  resolved "https://registry.yarnpkg.com/flow-bin/-/flow-bin-0.49.1.tgz#c9e456b3173a7535a4ffaf28956352c63bb8e3e9"

fs-extra@^3.0.1:
  version "3.0.1"
  resolved "https://registry.yarnpkg.com/fs-extra/-/fs-extra-3.0.1.tgz#3794f378c58b342ea7dbbb23095109c4b3b62291"
  dependencies:
    graceful-fs "^4.1.2"
    jsonfile "^3.0.0"
    universalify "^0.1.0"

fs.realpath@^1.0.0:
  version "1.0.0"
  resolved "https://registry.yarnpkg.com/fs.realpath/-/fs.realpath-1.0.0.tgz#1504ad2523158caa40db4a2787cb01411994ea4f"

gh-pages@^1.0.0:
  version "1.0.0"
  resolved "https://registry.yarnpkg.com/gh-pages/-/gh-pages-1.0.0.tgz#4a46f4c25439f7a2b7e6835504d4a49e949f04ca"
  dependencies:
    async "2.1.4"
    base64url "^2.0.0"
    commander "2.9.0"
    fs-extra "^3.0.1"
    globby "^6.1.0"
    graceful-fs "4.1.11"
    rimraf "^2.5.4"

glob@^7.0.3, glob@^7.0.5:
  version "7.1.2"
  resolved "https://registry.yarnpkg.com/glob/-/glob-7.1.2.tgz#c19c9df9a028702d678612384a6552404c636d15"
  dependencies:
    fs.realpath "^1.0.0"
    inflight "^1.0.4"
    inherits "2"
    minimatch "^3.0.4"
    once "^1.3.0"
    path-is-absolute "^1.0.0"

globby@^6.1.0:
  version "6.1.0"
  resolved "https://registry.yarnpkg.com/globby/-/globby-6.1.0.tgz#f5a6d70e8395e21c858fb0489d64df02424d506c"
  dependencies:
    array-union "^1.0.1"
    glob "^7.0.3"
    object-assign "^4.0.1"
    pify "^2.0.0"
    pinkie-promise "^2.0.0"

graceful-fs@4.1.11, graceful-fs@^4.1.2, graceful-fs@^4.1.6:
  version "4.1.11"
  resolved "https://registry.yarnpkg.com/graceful-fs/-/graceful-fs-4.1.11.tgz#0e8bdfe4d1ddb8854d64e04ea7c00e2a026e5658"

"graceful-readlink@>= 1.0.0":
  version "1.0.1"
  resolved "https://registry.yarnpkg.com/graceful-readlink/-/graceful-readlink-1.0.1.tgz#4cafad76bc62f02fa039b2f94e9a3dd3a391a725"

has-ansi@^0.1.0:
  version "0.1.0"
  resolved "https://registry.yarnpkg.com/has-ansi/-/has-ansi-0.1.0.tgz#84f265aae8c0e6a88a12d7022894b7568894c62e"
  dependencies:
    ansi-regex "^0.2.0"

has-flag@^1.0.0:
  version "1.0.0"
  resolved "https://registry.yarnpkg.com/has-flag/-/has-flag-1.0.0.tgz#9d9e793165ce017a00f00418c43f942a7b1d11fa"

he@^1.1.1:
  version "1.1.1"
  resolved "https://registry.yarnpkg.com/he/-/he-1.1.1.tgz#93410fd21b009735151f8868c2f271f3427e23fd"

http-proxy@^1.8.1:
  version "1.16.2"
  resolved "https://registry.yarnpkg.com/http-proxy/-/http-proxy-1.16.2.tgz#06dff292952bf64dbe8471fa9df73066d4f37742"
  dependencies:
    eventemitter3 "1.x.x"
    requires-port "1.x.x"

http-server@^0.10.0:
  version "0.10.0"
  resolved "https://registry.yarnpkg.com/http-server/-/http-server-0.10.0.tgz#b2a446b16a9db87ed3c622ba9beb1b085b1234a7"
  dependencies:
    colors "1.0.3"
    corser "~2.0.0"
    ecstatic "^2.0.0"
    http-proxy "^1.8.1"
    opener "~1.4.0"
    optimist "0.6.x"
    portfinder "^1.0.13"
    union "~0.4.3"

iconv-lite@~0.4.13:
  version "0.4.18"
  resolved "https://registry.yarnpkg.com/iconv-lite/-/iconv-lite-0.4.18.tgz#23d8656b16aae6742ac29732ea8f0336a4789cf2"

inflight@^1.0.4:
  version "1.0.6"
  resolved "https://registry.yarnpkg.com/inflight/-/inflight-1.0.6.tgz#49bd6331d7d02d0c09bc910a1075ba8165b56df9"
  dependencies:
    once "^1.3.0"
    wrappy "1"

inherits@2:
  version "2.0.3"
  resolved "https://registry.yarnpkg.com/inherits/-/inherits-2.0.3.tgz#633c2c83e3da42a502f52466022480f4208261de"

is-stream@^1.0.1:
  version "1.1.0"
  resolved "https://registry.yarnpkg.com/is-stream/-/is-stream-1.1.0.tgz#12d4a3dd4e68e0b79ceb8dbc84173ae80d91ca44"

isomorphic-fetch@^2.1.1:
  version "2.2.1"
  resolved "https://registry.yarnpkg.com/isomorphic-fetch/-/isomorphic-fetch-2.2.1.tgz#611ae1acf14f5e81f729507472819fe9733558a9"
  dependencies:
    node-fetch "^1.0.1"
    whatwg-fetch ">=0.10.0"

js-tokens@^3.0.0:
  version "3.0.2"
  resolved "https://registry.yarnpkg.com/js-tokens/-/js-tokens-3.0.2.tgz#9866df395102130e38f7f996bceb65443209c25b"

jsonfile@^3.0.0:
  version "3.0.1"
  resolved "https://registry.yarnpkg.com/jsonfile/-/jsonfile-3.0.1.tgz#a5ecc6f65f53f662c4415c7675a0331d0992ec66"
  optionalDependencies:
    graceful-fs "^4.1.6"

lodash.isplainobject@^4.0.6:
  version "4.0.6"
  resolved "https://registry.yarnpkg.com/lodash.isplainobject/-/lodash.isplainobject-4.0.6.tgz#7c526a52d89b45c45cc690b88163be0497f550cb"

lodash.some@^4.6.0:
  version "4.6.0"
  resolved "https://registry.yarnpkg.com/lodash.some/-/lodash.some-4.6.0.tgz#1bb9f314ef6b8baded13b549169b2a945eb68e4d"

lodash@^4.14.0, lodash@^4.2.0, lodash@^4.5.1:
  version "4.17.4"
  resolved "https://registry.yarnpkg.com/lodash/-/lodash-4.17.4.tgz#78203a4d1c328ae1d86dca6460e369b57f4055ae"

loose-envify@^1.0.0, loose-envify@^1.1.0, loose-envify@^1.3.1:
  version "1.3.1"
  resolved "https://registry.yarnpkg.com/loose-envify/-/loose-envify-1.3.1.tgz#d1a8ad33fa9ce0e713d65fdd0ac8b748d478c848"
  dependencies:
    js-tokens "^3.0.0"

mime@^1.2.11:
  version "1.3.6"
  resolved "https://registry.yarnpkg.com/mime/-/mime-1.3.6.tgz#591d84d3653a6b0b4a3b9df8de5aa8108e72e5e0"

minimatch@^3.0.4:
  version "3.0.4"
  resolved "https://registry.yarnpkg.com/minimatch/-/minimatch-3.0.4.tgz#5166e286457f03306064be5497e8dbb0c3d32083"
  dependencies:
    brace-expansion "^1.1.7"

minimist@0.0.8:
  version "0.0.8"
  resolved "https://registry.yarnpkg.com/minimist/-/minimist-0.0.8.tgz#857fcabfc3397d2625b8228262e86aa7a011b05d"

minimist@^1.1.0:
  version "1.2.0"
  resolved "https://registry.yarnpkg.com/minimist/-/minimist-1.2.0.tgz#a35008b20f41383eec1fb914f4cd5df79a264284"

minimist@~0.0.1:
  version "0.0.10"
  resolved "https://registry.yarnpkg.com/minimist/-/minimist-0.0.10.tgz#de3f98543dbf96082be48ad1a0c7cda836301dcf"

mkdirp@0.5.x:
  version "0.5.1"
  resolved "https://registry.yarnpkg.com/mkdirp/-/mkdirp-0.5.1.tgz#30057438eac6cf7f8c4767f38648d6697d75c903"
  dependencies:
    minimist "0.0.8"

ms@2.0.0:
  version "2.0.0"
  resolved "https://registry.yarnpkg.com/ms/-/ms-2.0.0.tgz#5608aeadfc00be6c2901df5f9861788de0d597c8"

node-fetch@^1.0.1:
  version "1.7.1"
  resolved "https://registry.yarnpkg.com/node-fetch/-/node-fetch-1.7.1.tgz#899cb3d0a3c92f952c47f1b876f4c8aeabd400d5"
  dependencies:
    encoding "^0.1.11"
    is-stream "^1.0.1"

object-assign@^4.0.1, object-assign@^4.1.0, object-assign@^4.1.1:
  version "4.1.1"
  resolved "https://registry.yarnpkg.com/object-assign/-/object-assign-4.1.1.tgz#2109adc7965887cfc05cbbd442cac8bfbb360863"

once@^1.3.0:
  version "1.4.0"
  resolved "https://registry.yarnpkg.com/once/-/once-1.4.0.tgz#583b1aa775961d4b113ac17d9c50baef9dd76bd1"
  dependencies:
    wrappy "1"

opener@~1.4.0:
  version "1.4.3"
  resolved "https://registry.yarnpkg.com/opener/-/opener-1.4.3.tgz#5c6da2c5d7e5831e8ffa3964950f8d6674ac90b8"

optimist@0.6.x:
  version "0.6.1"
  resolved "https://registry.yarnpkg.com/optimist/-/optimist-0.6.1.tgz#da3ea74686fa21a19a111c326e90eb15a0196686"
  dependencies:
    minimist "~0.0.1"
    wordwrap "~0.0.2"

path-is-absolute@^1.0.0:
  version "1.0.1"
  resolved "https://registry.yarnpkg.com/path-is-absolute/-/path-is-absolute-1.0.1.tgz#174b9268735534ffbc7ace6bf53a5a9e1b5c5f5f"

pify@^2.0.0:
  version "2.3.0"
  resolved "https://registry.yarnpkg.com/pify/-/pify-2.3.0.tgz#ed141a6ac043a849ea588498e7dca8b15330e90c"

pinkie-promise@^2.0.0:
  version "2.0.1"
  resolved "https://registry.yarnpkg.com/pinkie-promise/-/pinkie-promise-2.0.1.tgz#2135d6dfa7a358c069ac9b178776288228450ffa"
  dependencies:
    pinkie "^2.0.0"

pinkie@^2.0.0:
  version "2.0.4"
  resolved "https://registry.yarnpkg.com/pinkie/-/pinkie-2.0.4.tgz#72556b80cfa0d48a974e80e77248e80ed4f7f870"

portfinder@^1.0.13:
  version "1.0.13"
  resolved "https://registry.yarnpkg.com/portfinder/-/portfinder-1.0.13.tgz#bb32ecd87c27104ae6ee44b5a3ccbf0ebb1aede9"
  dependencies:
    async "^1.5.2"
    debug "^2.2.0"
    mkdirp "0.5.x"

promise@^7.1.1:
  version "7.3.1"
  resolved "https://registry.yarnpkg.com/promise/-/promise-7.3.1.tgz#064b72602b18f90f29192b8b1bc418ffd1ebd3bf"
  dependencies:
    asap "~2.0.3"

prop-types@^15.5.10:
  version "15.5.10"
  resolved "https://registry.yarnpkg.com/prop-types/-/prop-types-15.5.10.tgz#2797dfc3126182e3a95e3dfbb2e893ddd7456154"
  dependencies:
    fbjs "^0.8.9"
    loose-envify "^1.3.1"

qs@~2.3.3:
  version "2.3.3"
  resolved "https://registry.yarnpkg.com/qs/-/qs-2.3.3.tgz#e9e85adbe75da0bbe4c8e0476a086290f863b404"

react-dom@^15.6.1:
  version "15.6.1"
  resolved "https://registry.yarnpkg.com/react-dom/-/react-dom-15.6.1.tgz#2cb0ed4191038e53c209eb3a79a23e2a4cf99470"
  dependencies:
    fbjs "^0.8.9"
    loose-envify "^1.1.0"
    object-assign "^4.1.0"
    prop-types "^15.5.10"

react@^15.6.1:
  version "15.6.1"
  resolved "https://registry.yarnpkg.com/react/-/react-15.6.1.tgz#baa8434ec6780bde997cdc380b79cd33b96393df"
  dependencies:
    create-react-class "^15.6.0"
    fbjs "^0.8.9"
    loose-envify "^1.1.0"
    object-assign "^4.1.0"
    prop-types "^15.5.10"

regenerator-runtime@^0.10.0:
  version "0.10.5"
  resolved "https://registry.yarnpkg.com/regenerator-runtime/-/regenerator-runtime-0.10.5.tgz#336c3efc1220adcedda2c9fab67b5a7955a33658"

requires-port@1.x.x:
  version "1.0.0"
  resolved "https://registry.yarnpkg.com/requires-port/-/requires-port-1.0.0.tgz#925d2601d39ac485e091cf0da5c6e694dc3dcaff"

rimraf@^2.5.4:
  version "2.6.1"
  resolved "https://registry.yarnpkg.com/rimraf/-/rimraf-2.6.1.tgz#c2338ec643df7a1b7fe5c54fa86f57428a55f33d"
  dependencies:
    glob "^7.0.5"

rx@2.3.24:
  version "2.3.24"
  resolved "https://registry.yarnpkg.com/rx/-/rx-2.3.24.tgz#14f950a4217d7e35daa71bbcbe58eff68ea4b2b7"

setimmediate@^1.0.5:
  version "1.0.5"
  resolved "https://registry.yarnpkg.com/setimmediate/-/setimmediate-1.0.5.tgz#290cbb232e306942d7d7ea9b83732ab7856f8285"

spawn-command@^0.0.2-1:
  version "0.0.2"
  resolved "https://registry.yarnpkg.com/spawn-command/-/spawn-command-0.0.2.tgz#9544e1a43ca045f8531aac1a48cb29bdae62338e"

strip-ansi@^0.3.0:
  version "0.3.0"
  resolved "https://registry.yarnpkg.com/strip-ansi/-/strip-ansi-0.3.0.tgz#25f48ea22ca79187f3174a4db8759347bb126220"
  dependencies:
    ansi-regex "^0.2.1"

supports-color@^0.2.0:
  version "0.2.0"
  resolved "https://registry.yarnpkg.com/supports-color/-/supports-color-0.2.0.tgz#d92de2694eb3f67323973d7ae3d8b55b4c22190a"

supports-color@^3.2.3:
  version "3.2.3"
  resolved "https://registry.yarnpkg.com/supports-color/-/supports-color-3.2.3.tgz#65ac0504b3954171d8a64946b2ae3cbb8a5f54f6"
  dependencies:
    has-flag "^1.0.0"

to-fast-properties@^1.0.1:
  version "1.0.3"
  resolved "https://registry.yarnpkg.com/to-fast-properties/-/to-fast-properties-1.0.3.tgz#b83571fa4d8c25b82e231b06e3a3055de4ca1a47"

tree-kill@^1.1.0:
  version "1.1.0"
  resolved "https://registry.yarnpkg.com/tree-kill/-/tree-kill-1.1.0.tgz#c963dcf03722892ec59cba569e940b71954d1729"

ua-parser-js@^0.7.9:
  version "0.7.13"
  resolved "https://registry.yarnpkg.com/ua-parser-js/-/ua-parser-js-0.7.13.tgz#cd9dd2f86493b3f44dbeeef3780fda74c5ee14be"

union@~0.4.3:
  version "0.4.6"
  resolved "https://registry.yarnpkg.com/union/-/union-0.4.6.tgz#198fbdaeba254e788b0efcb630bc11f24a2959e0"
  dependencies:
    qs "~2.3.3"

universalify@^0.1.0:
  version "0.1.0"
  resolved "https://registry.yarnpkg.com/universalify/-/universalify-0.1.0.tgz#9eb1c4651debcc670cc94f1a75762332bb967778"

url-join@^2.0.2:
  version "2.0.2"
  resolved "https://registry.yarnpkg.com/url-join/-/url-join-2.0.2.tgz#c072756967ad24b8b59e5741551caac78f50b8b7"

whatwg-fetch@>=0.10.0:
  version "2.0.3"
  resolved "https://registry.yarnpkg.com/whatwg-fetch/-/whatwg-fetch-2.0.3.tgz#9c84ec2dcf68187ff00bc64e1274b442176e1c84"

wordwrap@~0.0.2:
  version "0.0.3"
  resolved "https://registry.yarnpkg.com/wordwrap/-/wordwrap-0.0.3.tgz#a3d5da6cd5c0bc0008d37234bbaf1bed63059107"

wrappy@1:
  version "1.0.2"
  resolved "https://registry.yarnpkg.com/wrappy/-/wrappy-1.0.2.tgz#b5243d8f3ec1aa35f1364605bc0d1036e30ab69f"
